
Microsoft Visual Studio Solution File, Format Version 12.00
# Visual Studio Version 17
VisualStudioVersion = 17.10.35122.118
MinimumVisualStudioVersion = 10.0.40219.1
Project("{FAE04EC0-301F-11D3-BF4B-00C04F79EFBC}") = "JwtRefreshToken.WebApi", "JwtRefreshToken.WebApi\JwtRefreshToken.WebApi.csproj", "{0A97851C-988A-4EA6-B2C6-94B3E7499FA3}"
EndProject
Global
	GlobalSection(SolutionConfigurationPlatforms) = preSolution
		Debug|Any CPU = Debug|Any CPU
		Release|Any CPU = Release|Any CPU
	EndGlobalSection
	GlobalSection(ProjectConfigurationPlatforms) = postSolution
		{0A97851C-988A-4EA6-B2C6-94B3E7499FA3}.Debug|Any CPU.ActiveCfg = Debug|Any CPU
		{0A97851C-988A-4EA6-B2C6-94B3E7499FA3}.Debug|Any CPU.Build.0 = Debug|Any CPU
		{0A97851C-988A-4EA6-B2C6-94B3E7499FA3}.Release|Any CPU.ActiveCfg = Release|Any CPU
		{0A97851C-988A-4EA6-B2C6-94B3E7499FA3}.Release|Any CPU.Build.0 = Release|Any CPU
	EndGlobalSection
	GlobalSection(SolutionProperties) = preSolution
		HideSolutionNode = FALSE
	EndGlobalSection
	GlobalSection(ExtensibilityGlobals) = postSolution
		SolutionGuid = {CA37727E-9306-4F57-91DD-E075FD2D6A5B}
	EndGlobalSection
EndGlobal
